PODS:
  - ComScore (5.1.11)
  - GoogleMobileAds (7.8.0)
  - mopub-ios-sdk (5.5.0):
    - mopub-ios-sdk/MoPubSDK (= 5.5.0)
  - mopub-ios-sdk/Avid (5.5.0):
    - mopub-ios-sdk/Core
  - mopub-ios-sdk/Core (5.5.0)
  - mopub-ios-sdk/Moat (5.5.0):
    - mopub-ios-sdk/Core
  - mopub-ios-sdk/MoPubSDK (5.5.0):
    - mopub-ios-sdk/Avid
    - mopub-ios-sdk/Core
    - mopub-ios-sdk/Moat
  - VMFiveAdNetwork (3.1.9):
    - ComScore (~> 5.1.11)

DEPENDENCIES:
  - GoogleMobileAds (~> 7.8.0)
  - mopub-ios-sdk (~> 5.5.0)
  - VMFiveAdNetwork (~> 3.1.9)

SPEC REPOS:
  https://github.com/cocoapods/specs.git:
    - ComScore
    - GoogleMobileAds
    - mopub-ios-sdk
    - VMFiveAdNetwork

SPEC CHECKSUMS:
  ComScore: 637573f58747fc31d53a77bf989bde5d3c79d054
  GoogleMobileAds: 0ed4d41b03fe768e2e2945df68707fd4ff97c179
  mopub-ios-sdk: 937b82dd76d8a396ba6a22ae005a1e24c61bf28b
  VMFiveAdNetwork: 86761c3d51e3d3527b26787e256570436654a759

PODFILE CHECKSUM: caa59e3bd61d77f402f64573abd30284c73ff09c

COCOAPODS: 1.5.3
