// !$*UTF8*$!
{
	archiveVersion = 1;
	classes = {
	};
	objectVersion = 46;
	objects = {

/* Begin PBXBuildFile section */
		1C010B521F6BB70900F27728 /* MoPubSplashSampleViewController.m in Sources */ = {isa = PBXBuildFile; fileRef = 1C010B501F6BB70900F27728 /* MoPubSplashSampleViewController.m */; };
		1C010B531F6BB70900F27728 /* MoPubSplashSampleViewController.xib in Resources */ = {isa = PBXBuildFile; fileRef = 1C010B511F6BB70900F27728 /* MoPubSplashSampleViewController.xib */; };
		1C1BA1731D2A44AB0059B062 /* PetImageTableViewCell.m in Sources */ = {isa = PBXBuildFile; fileRef = 1C1BA1711D2A44AB0059B062 /* PetImageTableViewCell.m */; };
		1C1BA1741D2A44AB0059B062 /* PetImageTableViewCell.xib in Resources */ = {isa = PBXBuildFile; fileRef = 1C1BA1721D2A44AB0059B062 /* PetImageTableViewCell.xib */; };
		1C1BA1781D2A5B3E0059B062 /* NoteTableViewCell.m in Sources */ = {isa = PBXBuildFile; fileRef = 1C1BA1761D2A5B3E0059B062 /* NoteTableViewCell.m */; };
		1C1BA1791D2A5B3E0059B062 /* NoteTableViewCell.xib in Resources */ = {isa = PBXBuildFile; fileRef = 1C1BA1771D2A5B3E0059B062 /* NoteTableViewCell.xib */; };
		1C2CD7891CF5246100CEE8AD /* SampleView3.m in Sources */ = {isa = PBXBuildFile; fileRef = 1C2CD7881CF5246100CEE8AD /* SampleView3.m */; };
		1C2CD78E1CF532C800CEE8AD /* CellProviderSample2ViewController.m in Sources */ = {isa = PBXBuildFile; fileRef = 1C2CD78C1CF532C800CEE8AD /* CellProviderSample2ViewController.m */; };
		1C2CD78F1CF532C800CEE8AD /* CellProviderSample2ViewController.xib in Resources */ = {isa = PBXBuildFile; fileRef = 1C2CD78D1CF532C800CEE8AD /* CellProviderSample2ViewController.xib */; };
		1C2CD7941CF5378E00CEE8AD /* NativeAdSample3ViewController.m in Sources */ = {isa = PBXBuildFile; fileRef = 1C2CD7921CF5378E00CEE8AD /* NativeAdSample3ViewController.m */; };
		1C2CD7951CF5378E00CEE8AD /* NativeAdSample3ViewController.xib in Resources */ = {isa = PBXBuildFile; fileRef = 1C2CD7931CF5378E00CEE8AD /* NativeAdSample3ViewController.xib */; };
		1C2CD79A1CF53B1800CEE8AD /* BannerSampleViewController.m in Sources */ = {isa = PBXBuildFile; fileRef = 1C2CD7981CF53B1800CEE8AD /* BannerSampleViewController.m */; };
		1C2CD79B1CF53B1800CEE8AD /* BannerSampleViewController.xib in Resources */ = {isa = PBXBuildFile; fileRef = 1C2CD7991CF53B1800CEE8AD /* BannerSampleViewController.xib */; };
		1C2CD7A01CF541BB00CEE8AD /* CardSampleViewController.m in Sources */ = {isa = PBXBuildFile; fileRef = 1C2CD79E1CF541BB00CEE8AD /* CardSampleViewController.m */; };
		1C2CD7A11CF541BB00CEE8AD /* CardSampleViewController.xib in Resources */ = {isa = PBXBuildFile; fileRef = 1C2CD79F1CF541BB00CEE8AD /* CardSampleViewController.xib */; };
		1C2CD7A61CF5447500CEE8AD /* InterstitialSampleViewController.m in Sources */ = {isa = PBXBuildFile; fileRef = 1C2CD7A41CF5447500CEE8AD /* InterstitialSampleViewController.m */; };
		1C2CD7A71CF5447500CEE8AD /* InterstitialSampleViewController.xib in Resources */ = {isa = PBXBuildFile; fileRef = 1C2CD7A51CF5447500CEE8AD /* InterstitialSampleViewController.xib */; };
		1C32A2351D1244CB0031B681 /* NativeAdSample6ViewController.m in Sources */ = {isa = PBXBuildFile; fileRef = 1C32A2331D1244CB0031B681 /* NativeAdSample6ViewController.m */; };
		1C32A2361D1244CB0031B681 /* NativeAdSample6ViewController.xib in Resources */ = {isa = PBXBuildFile; fileRef = 1C32A2341D1244CB0031B681 /* NativeAdSample6ViewController.xib */; };
		1C32A23A1D1247AC0031B681 /* SampleView4.m in Sources */ = {isa = PBXBuildFile; fileRef = 1C32A2391D1247AC0031B681 /* SampleView4.m */; };
		1C32A23C1D1247BE0031B681 /* SampleView4.xib in Resources */ = {isa = PBXBuildFile; fileRef = 1C32A23B1D1247BE0031B681 /* SampleView4.xib */; };
		1C3C7B1A1F6BB05100620D30 /* SplashSampleViewController.m in Sources */ = {isa = PBXBuildFile; fileRef = 1C3C7B181F6BB05100620D30 /* SplashSampleViewController.m */; };
		1C3C7B1B1F6BB05100620D30 /* SplashSampleViewController.xib in Resources */ = {isa = PBXBuildFile; fileRef = 1C3C7B191F6BB05100620D30 /* SplashSampleViewController.xib */; };
		1C410D8A1D07C77E0078D9A1 /* NativeAdSample5ViewController.m in Sources */ = {isa = PBXBuildFile; fileRef = 1C410D881D07C77E0078D9A1 /* NativeAdSample5ViewController.m */; };
		1C410D8B1D07C77E0078D9A1 /* NativeAdSample5ViewController.xib in Resources */ = {isa = PBXBuildFile; fileRef = 1C410D891D07C77E0078D9A1 /* NativeAdSample5ViewController.xib */; };
		1C410D8F1D07CB1E0078D9A1 /* YourCollectionViewCell.m in Sources */ = {isa = PBXBuildFile; fileRef = 1C410D8D1D07CB1E0078D9A1 /* YourCollectionViewCell.m */; };
		1C410D901D07CB1E0078D9A1 /* YourCollectionViewCell.xib in Resources */ = {isa = PBXBuildFile; fileRef = 1C410D8E1D07CB1E0078D9A1 /* YourCollectionViewCell.xib */; };
		1C41C85D1CFC200100970659 /* VANativeAd+FullscreenIcon.m in Sources */ = {isa = PBXBuildFile; fileRef = 1C41C85C1CFC200100970659 /* VANativeAd+FullscreenIcon.m */; };
		1C4468D81D1ACF4600D863A3 /* libVMFiveAdMobAdapter.a in Frameworks */ = {isa = PBXBuildFile; fileRef = 1C4468D41D1ACF4600D863A3 /* libVMFiveAdMobAdapter.a */; };
		1C4468DD1D1ACF8500D863A3 /* AdMobBannerSampleViewController.m in Sources */ = {isa = PBXBuildFile; fileRef = 1C4468DB1D1ACF8500D863A3 /* AdMobBannerSampleViewController.m */; };
		1C4468DE1D1ACF8500D863A3 /* AdMobBannerSampleViewController.xib in Resources */ = {isa = PBXBuildFile; fileRef = 1C4468DC1D1ACF8500D863A3 /* AdMobBannerSampleViewController.xib */; };
		1C4CBD3A1CF404C100D5F62F /* main.m in Sources */ = {isa = PBXBuildFile; fileRef = 1C4CBD391CF404C100D5F62F /* main.m */; };
		1C4CBD3D1CF404C100D5F62F /* AppDelegate.m in Sources */ = {isa = PBXBuildFile; fileRef = 1C4CBD3C1CF404C100D5F62F /* AppDelegate.m */; };
		1C4CBD451CF404C100D5F62F /* Assets.xcassets in Resources */ = {isa = PBXBuildFile; fileRef = 1C4CBD441CF404C100D5F62F /* Assets.xcassets */; };
		1C4CBD481CF404C100D5F62F /* LaunchScreen.storyboard in Resources */ = {isa = PBXBuildFile; fileRef = 1C4CBD461CF404C100D5F62F /* LaunchScreen.storyboard */; };
		1C7335D41CF45D0F0040D7D6 /* DemoList.plist in Resources */ = {isa = PBXBuildFile; fileRef = 1C7335D31CF45D0F0040D7D6 /* DemoList.plist */; };
		1C881F9D1CF4065E00335788 /* MainViewController.m in Sources */ = {isa = PBXBuildFile; fileRef = 1C881F9B1CF4065E00335788 /* MainViewController.m */; };
		1C881F9E1CF4065E00335788 /* MainViewController.xib in Resources */ = {isa = PBXBuildFile; fileRef = 1C881F9C1CF4065E00335788 /* MainViewController.xib */; };
		1C881FA31CF41E8400335788 /* CellProviderSample1ViewController.m in Sources */ = {isa = PBXBuildFile; fileRef = 1C881FA11CF41E8400335788 /* CellProviderSample1ViewController.m */; };
		1C881FA41CF41E8400335788 /* CellProviderSample1ViewController.xib in Resources */ = {isa = PBXBuildFile; fileRef = 1C881FA21CF41E8400335788 /* CellProviderSample1ViewController.xib */; };
		1C978F6B1CF46553004270A7 /* NativeAdSample2ViewController.m in Sources */ = {isa = PBXBuildFile; fileRef = 1C978F691CF46552004270A7 /* NativeAdSample2ViewController.m */; };
		1C978F6C1CF46553004270A7 /* NativeAdSample2ViewController.xib in Resources */ = {isa = PBXBuildFile; fileRef = 1C978F6A1CF46553004270A7 /* NativeAdSample2ViewController.xib */; };
		1C978F711CF466CB004270A7 /* SampleView2.m in Sources */ = {isa = PBXBuildFile; fileRef = 1C978F6F1CF466CB004270A7 /* SampleView2.m */; };
		1C978F721CF466CB004270A7 /* SampleView2.xib in Resources */ = {isa = PBXBuildFile; fileRef = 1C978F701CF466CB004270A7 /* SampleView2.xib */; };
		1CADD4C01D1BC50800233963 /* libVMFiveMoPubAdapter.a in Frameworks */ = {isa = PBXBuildFile; fileRef = 1CADD4BF1D1BC50800233963 /* libVMFiveMoPubAdapter.a */; };
		1CB1C16D1D23F1EB00272B08 /* NativeAdSample7ViewController.m in Sources */ = {isa = PBXBuildFile; fileRef = 1CB1C16B1D23F1EB00272B08 /* NativeAdSample7ViewController.m */; };
		1CB1C16E1D23F1EB00272B08 /* NativeAdSample7ViewController.xib in Resources */ = {isa = PBXBuildFile; fileRef = 1CB1C16C1D23F1EB00272B08 /* NativeAdSample7ViewController.xib */; };
		1CB5C2051D1B7F420031BFE9 /* MoPubInterstitialSampleViewController.m in Sources */ = {isa = PBXBuildFile; fileRef = 1CB5C2031D1B7F420031BFE9 /* MoPubInterstitialSampleViewController.m */; };
		1CB5C2061D1B7F420031BFE9 /* MoPubInterstitialSampleViewController.xib in Resources */ = {isa = PBXBuildFile; fileRef = 1CB5C2041D1B7F420031BFE9 /* MoPubInterstitialSampleViewController.xib */; };
		1CB5C2121D1B94080031BFE9 /* MoPubNativeAdSampleViewController.m in Sources */ = {isa = PBXBuildFile; fileRef = 1CB5C2101D1B94080031BFE9 /* MoPubNativeAdSampleViewController.m */; };
		1CB5C2131D1B94080031BFE9 /* MoPubNativeAdSampleViewController.xib in Resources */ = {isa = PBXBuildFile; fileRef = 1CB5C2111D1B94080031BFE9 /* MoPubNativeAdSampleViewController.xib */; };
		1CB5C21A1D1BAE880031BFE9 /* MPNativeVideoView.m in Sources */ = {isa = PBXBuildFile; fileRef = 1CB5C2171D1BAE880031BFE9 /* MPNativeVideoView.m */; };
		1CC7F8FF1CFC1C72000CCF25 /* NativeAdSample4ViewController.m in Sources */ = {isa = PBXBuildFile; fileRef = 1CC7F8FD1CFC1C72000CCF25 /* NativeAdSample4ViewController.m */; };
		1CC7F9001CFC1C72000CCF25 /* NativeAdSample4ViewController.xib in Resources */ = {isa = PBXBuildFile; fileRef = 1CC7F8FE1CFC1C72000CCF25 /* NativeAdSample4ViewController.xib */; };
		1CCF94871D13D5FF00749F0F /* RewardedVideoSampleViewController.m in Sources */ = {isa = PBXBuildFile; fileRef = 1CCF94851D13D5FF00749F0F /* RewardedVideoSampleViewController.m */; };
		1CCF94881D13D5FF00749F0F /* RewardedVideoSampleViewController.xib in Resources */ = {isa = PBXBuildFile; fileRef = 1CCF94861D13D5FF00749F0F /* RewardedVideoSampleViewController.xib */; };
		1CD109761CF4241400B454D2 /* SampleView1.m in Sources */ = {isa = PBXBuildFile; fileRef = 1CD109751CF4241400B454D2 /* SampleView1.m */; };
		1CD109781CF4242600B454D2 /* SampleView1.xib in Resources */ = {isa = PBXBuildFile; fileRef = 1CD109771CF4242600B454D2 /* SampleView1.xib */; };
		1CD1097D1CF430AD00B454D2 /* NativeAdSample1ViewController.m in Sources */ = {isa = PBXBuildFile; fileRef = 1CD1097B1CF430AD00B454D2 /* NativeAdSample1ViewController.m */; };
		1CD1097E1CF430AD00B454D2 /* NativeAdSample1ViewController.xib in Resources */ = {isa = PBXBuildFile; fileRef = 1CD1097C1CF430AD00B454D2 /* NativeAdSample1ViewController.xib */; };
		1CD15BC21D1ADE5A00498489 /* AdMobInterstitialSampleViewController.m in Sources */ = {isa = PBXBuildFile; fileRef = 1CD15BC01D1ADE5A00498489 /* AdMobInterstitialSampleViewController.m */; };
		1CD15BC31D1ADE5A00498489 /* AdMobInterstitialSampleViewController.xib in Resources */ = {isa = PBXBuildFile; fileRef = 1CD15BC11D1ADE5A00498489 /* AdMobInterstitialSampleViewController.xib */; };
		1CD8F7BB1D35D38C00F4BA66 /* VANativeAd+IconAlignment.m in Sources */ = {isa = PBXBuildFile; fileRef = 1CD8F7BA1D35D38C00F4BA66 /* VANativeAd+IconAlignment.m */; };
		65487099586FCA70563AF1C1 /* libPods-ios-sdk-demo.a in Frameworks */ = {isa = PBXBuildFile; fileRef = B6F1510BDE0756099474ECFC /* libPods-ios-sdk-demo.a */; };
/* End PBXBuildFile section */

/* Begin PBXFileReference section */
		1C010B4F1F6BB70900F27728 /* MoPubSplashSampleViewController.h */ = {isa = PBXFileReference; lastKnownFileType = sourcecode.c.h; path = MoPubSplashSampleViewController.h; sourceTree = "<group>"; };
		1C010B501F6BB70900F27728 /* MoPubSplashSampleViewController.m */ = {isa = PBXFileReference; lastKnownFileType = sourcecode.c.objc; path = MoPubSplashSampleViewController.m; sourceTree = "<group>"; };
		1C010B511F6BB70900F27728 /* MoPubSplashSampleViewController.xib */ = {isa = PBXFileReference; lastKnownFileType = file.xib; path = MoPubSplashSampleViewController.xib; sourceTree = "<group>"; };
		1C1BA1701D2A44AB0059B062 /* PetImageTableViewCell.h */ = {isa = PBXFileReference; fileEncoding = 4; lastKnownFileType = sourcecode.c.h; path = PetImageTableViewCell.h; sourceTree = "<group>"; };
		1C1BA1711D2A44AB0059B062 /* PetImageTableViewCell.m */ = {isa = PBXFileReference; fileEncoding = 4; lastKnownFileType = sourcecode.c.objc; path = PetImageTableViewCell.m; sourceTree = "<group>"; };
		1C1BA1721D2A44AB0059B062 /* PetImageTableViewCell.xib */ = {isa = PBXFileReference; fileEncoding = 4; lastKnownFileType = file.xib; path = PetImageTableViewCell.xib; sourceTree = "<group>"; };
		1C1BA1751D2A5B3E0059B062 /* NoteTableViewCell.h */ = {isa = PBXFileReference; fileEncoding = 4; lastKnownFileType = sourcecode.c.h; path = NoteTableViewCell.h; sourceTree = "<group>"; };
		1C1BA1761D2A5B3E0059B062 /* NoteTableViewCell.m */ = {isa = PBXFileReference; fileEncoding = 4; lastKnownFileType = sourcecode.c.objc; path = NoteTableViewCell.m; sourceTree = "<group>"; };
		1C1BA1771D2A5B3E0059B062 /* NoteTableViewCell.xib */ = {isa = PBXFileReference; fileEncoding = 4; lastKnownFileType = file.xib; path = NoteTableViewCell.xib; sourceTree = "<group>"; };
		1C2CD7871CF5246100CEE8AD /* SampleView3.h */ = {isa = PBXFileReference; fileEncoding = 4; lastKnownFileType = sourcecode.c.h; path = SampleView3.h; sourceTree = "<group>"; };
		1C2CD7881CF5246100CEE8AD /* SampleView3.m */ = {isa = PBXFileReference; fileEncoding = 4; lastKnownFileType = sourcecode.c.objc; path = SampleView3.m; sourceTree = "<group>"; };
		1C2CD78B1CF532C800CEE8AD /* CellProviderSample2ViewController.h */ = {isa = PBXFileReference; fileEncoding = 4; lastKnownFileType = sourcecode.c.h; path = CellProviderSample2ViewController.h; sourceTree = "<group>"; };
		1C2CD78C1CF532C800CEE8AD /* CellProviderSample2ViewController.m */ = {isa = PBXFileReference; fileEncoding = 4; lastKnownFileType = sourcecode.c.objc; path = CellProviderSample2ViewController.m; sourceTree = "<group>"; };
		1C2CD78D1CF532C800CEE8AD /* CellProviderSample2ViewController.xib */ = {isa = PBXFileReference; fileEncoding = 4; lastKnownFileType = file.xib; path = CellProviderSample2ViewController.xib; sourceTree = "<group>"; };
		1C2CD7911CF5378E00CEE8AD /* NativeAdSample3ViewController.h */ = {isa = PBXFileReference; fileEncoding = 4; lastKnownFileType = sourcecode.c.h; path = NativeAdSample3ViewController.h; sourceTree = "<group>"; };
		1C2CD7921CF5378E00CEE8AD /* NativeAdSample3ViewController.m */ = {isa = PBXFileReference; fileEncoding = 4; lastKnownFileType = sourcecode.c.objc; path = NativeAdSample3ViewController.m; sourceTree = "<group>"; };
		1C2CD7931CF5378E00CEE8AD /* NativeAdSample3ViewController.xib */ = {isa = PBXFileReference; fileEncoding = 4; lastKnownFileType = file.xib; path = NativeAdSample3ViewController.xib; sourceTree = "<group>"; };
		1C2CD7971CF53B1800CEE8AD /* BannerSampleViewController.h */ = {isa = PBXFileReference; fileEncoding = 4; lastKnownFileType = sourcecode.c.h; path = BannerSampleViewController.h; sourceTree = "<group>"; };
		1C2CD7981CF53B1800CEE8AD /* BannerSampleViewController.m */ = {isa = PBXFileReference; fileEncoding = 4; lastKnownFileType = sourcecode.c.objc; path = BannerSampleViewController.m; sourceTree = "<group>"; };
		1C2CD7991CF53B1800CEE8AD /* BannerSampleViewController.xib */ = {isa = PBXFileReference; fileEncoding = 4; lastKnownFileType = file.xib; path = BannerSampleViewController.xib; sourceTree = "<group>"; };
		1C2CD79D1CF541BB00CEE8AD /* CardSampleViewController.h */ = {isa = PBXFileReference; fileEncoding = 4; lastKnownFileType = sourcecode.c.h; path = CardSampleViewController.h; sourceTree = "<group>"; };
		1C2CD79E1CF541BB00CEE8AD /* CardSampleViewController.m */ = {isa = PBXFileReference; fileEncoding = 4; lastKnownFileType = sourcecode.c.objc; path = CardSampleViewController.m; sourceTree = "<group>"; };
		1C2CD79F1CF541BB00CEE8AD /* CardSampleViewController.xib */ = {isa = PBXFileReference; fileEncoding = 4; lastKnownFileType = file.xib; path = CardSampleViewController.xib; sourceTree = "<group>"; };
		1C2CD7A31CF5447500CEE8AD /* InterstitialSampleViewController.h */ = {isa = PBXFileReference; fileEncoding = 4; lastKnownFileType = sourcecode.c.h; path = InterstitialSampleViewController.h; sourceTree = "<group>"; };
		1C2CD7A41CF5447500CEE8AD /* InterstitialSampleViewController.m */ = {isa = PBXFileReference; fileEncoding = 4; lastKnownFileType = sourcecode.c.objc; path = InterstitialSampleViewController.m; sourceTree = "<group>"; };
		1C2CD7A51CF5447500CEE8AD /* InterstitialSampleViewController.xib */ = {isa = PBXFileReference; fileEncoding = 4; lastKnownFileType = file.xib; path = InterstitialSampleViewController.xib; sourceTree = "<group>"; };
		1C32A2321D1244CB0031B681 /* NativeAdSample6ViewController.h */ = {isa = PBXFileReference; fileEncoding = 4; lastKnownFileType = sourcecode.c.h; path = NativeAdSample6ViewController.h; sourceTree = "<group>"; };
		1C32A2331D1244CB0031B681 /* NativeAdSample6ViewController.m */ = {isa = PBXFileReference; fileEncoding = 4; lastKnownFileType = sourcecode.c.objc; path = NativeAdSample6ViewController.m; sourceTree = "<group>"; };
		1C32A2341D1244CB0031B681 /* NativeAdSample6ViewController.xib */ = {isa = PBXFileReference; fileEncoding = 4; lastKnownFileType = file.xib; path = NativeAdSample6ViewController.xib; sourceTree = "<group>"; };
		1C32A2381D1247AC0031B681 /* SampleView4.h */ = {isa = PBXFileReference; fileEncoding = 4; lastKnownFileType = sourcecode.c.h; path = SampleView4.h; sourceTree = "<group>"; };
		1C32A2391D1247AC0031B681 /* SampleView4.m */ = {isa = PBXFileReference; fileEncoding = 4; lastKnownFileType = sourcecode.c.objc; path = SampleView4.m; sourceTree = "<group>"; };
		1C32A23B1D1247BE0031B681 /* SampleView4.xib */ = {isa = PBXFileReference; fileEncoding = 4; lastKnownFileType = file.xib; path = SampleView4.xib; sourceTree = "<group>"; };
		1C3C7B171F6BB05100620D30 /* SplashSampleViewController.h */ = {isa = PBXFileReference; lastKnownFileType = sourcecode.c.h; path = SplashSampleViewController.h; sourceTree = "<group>"; };
		1C3C7B181F6BB05100620D30 /* SplashSampleViewController.m */ = {isa = PBXFileReference; lastKnownFileType = sourcecode.c.objc; path = SplashSampleViewController.m; sourceTree = "<group>"; };
		1C3C7B191F6BB05100620D30 /* SplashSampleViewController.xib */ = {isa = PBXFileReference; lastKnownFileType = file.xib; path = SplashSampleViewController.xib; sourceTree = "<group>"; };
		1C410D871D07C77E0078D9A1 /* NativeAdSample5ViewController.h */ = {isa = PBXFileReference; fileEncoding = 4; lastKnownFileType = sourcecode.c.h; path = NativeAdSample5ViewController.h; sourceTree = "<group>"; };
		1C410D881D07C77E0078D9A1 /* NativeAdSample5ViewController.m */ = {isa = PBXFileReference; fileEncoding = 4; lastKnownFileType = sourcecode.c.objc; path = NativeAdSample5ViewController.m; sourceTree = "<group>"; };
		1C410D891D07C77E0078D9A1 /* NativeAdSample5ViewController.xib */ = {isa = PBXFileReference; fileEncoding = 4; lastKnownFileType = file.xib; path = NativeAdSample5ViewController.xib; sourceTree = "<group>"; };
		1C410D8C1D07CB1E0078D9A1 /* YourCollectionViewCell.h */ = {isa = PBXFileReference; fileEncoding = 4; lastKnownFileType = sourcecode.c.h; path = YourCollectionViewCell.h; sourceTree = "<group>"; };
		1C410D8D1D07CB1E0078D9A1 /* YourCollectionViewCell.m */ = {isa = PBXFileReference; fileEncoding = 4; lastKnownFileType = sourcecode.c.objc; path = YourCollectionViewCell.m; sourceTree = "<group>"; };
		1C410D8E1D07CB1E0078D9A1 /* YourCollectionViewCell.xib */ = {isa = PBXFileReference; fileEncoding = 4; lastKnownFileType = file.xib; path = YourCollectionViewCell.xib; sourceTree = "<group>"; };
		1C41C85B1CFC200100970659 /* VANativeAd+FullscreenIcon.h */ = {isa = PBXFileReference; fileEncoding = 4; lastKnownFileType = sourcecode.c.h; path = "VANativeAd+FullscreenIcon.h"; sourceTree = "<group>"; };
		1C41C85C1CFC200100970659 /* VANativeAd+FullscreenIcon.m */ = {isa = PBXFileReference; fileEncoding = 4; lastKnownFileType = sourcecode.c.objc; path = "VANativeAd+FullscreenIcon.m"; sourceTree = "<group>"; };
		1C4468D41D1ACF4600D863A3 /* libVMFiveAdMobAdapter.a */ = {isa = PBXFileReference; lastKnownFileType = archive.ar; path = libVMFiveAdMobAdapter.a; sourceTree = "<group>"; };
		1C4468D61D1ACF4600D863A3 /* VMFiveCustomBanner.h */ = {isa = PBXFileReference; fileEncoding = 4; lastKnownFileType = sourcecode.c.h; path = VMFiveCustomBanner.h; sourceTree = "<group>"; };
		1C4468D71D1ACF4600D863A3 /* VMFiveCustomInterstitial.h */ = {isa = PBXFileReference; fileEncoding = 4; lastKnownFileType = sourcecode.c.h; path = VMFiveCustomInterstitial.h; sourceTree = "<group>"; };
		1C4468DA1D1ACF8500D863A3 /* AdMobBannerSampleViewController.h */ = {isa = PBXFileReference; fileEncoding = 4; lastKnownFileType = sourcecode.c.h; path = AdMobBannerSampleViewController.h; sourceTree = "<group>"; };
		1C4468DB1D1ACF8500D863A3 /* AdMobBannerSampleViewController.m */ = {isa = PBXFileReference; fileEncoding = 4; lastKnownFileType = sourcecode.c.objc; path = AdMobBannerSampleViewController.m; sourceTree = "<group>"; };
		1C4468DC1D1ACF8500D863A3 /* AdMobBannerSampleViewController.xib */ = {isa = PBXFileReference; fileEncoding = 4; lastKnownFileType = file.xib; path = AdMobBannerSampleViewController.xib; sourceTree = "<group>"; };
		1C4CBD351CF404C100D5F62F /* ios-sdk-demo.app */ = {isa = PBXFileReference; explicitFileType = wrapper.application; includeInIndex = 0; path = "ios-sdk-demo.app"; sourceTree = BUILT_PRODUCTS_DIR; };
		1C4CBD391CF404C100D5F62F /* main.m */ = {isa = PBXFileReference; lastKnownFileType = sourcecode.c.objc; path = main.m; sourceTree = "<group>"; };
		1C4CBD3B1CF404C100D5F62F /* AppDelegate.h */ = {isa = PBXFileReference; lastKnownFileType = sourcecode.c.h; path = AppDelegate.h; sourceTree = "<group>"; };
		1C4CBD3C1CF404C100D5F62F /* AppDelegate.m */ = {isa = PBXFileReference; lastKnownFileType = sourcecode.c.objc; path = AppDelegate.m; sourceTree = "<group>"; };
		1C4CBD441CF404C100D5F62F /* Assets.xcassets */ = {isa = PBXFileReference; lastKnownFileType = folder.assetcatalog; path = Assets.xcassets; sourceTree = "<group>"; };
		1C4CBD471CF404C100D5F62F /* Base */ = {isa = PBXFileReference; lastKnownFileType = file.storyboard; name = Base; path = Base.lproj/LaunchScreen.storyboard; sourceTree = "<group>"; };
		1C4CBD491CF404C100D5F62F /* Info.plist */ = {isa = PBXFileReference; lastKnownFileType = text.plist.xml; path = Info.plist; sourceTree = "<group>"; };
		1C7335D31CF45D0F0040D7D6 /* DemoList.plist */ = {isa = PBXFileReference; fileEncoding = 4; lastKnownFileType = text.plist.xml; path = DemoList.plist; sourceTree = "<group>"; };
		1C881F9A1CF4065E00335788 /* MainViewController.h */ = {isa = PBXFileReference; fileEncoding = 4; lastKnownFileType = sourcecode.c.h; path = MainViewController.h; sourceTree = "<group>"; };
		1C881F9B1CF4065E00335788 /* MainViewController.m */ = {isa = PBXFileReference; fileEncoding = 4; lastKnownFileType = sourcecode.c.objc; path = MainViewController.m; sourceTree = "<group>"; };
		1C881F9C1CF4065E00335788 /* MainViewController.xib */ = {isa = PBXFileReference; fileEncoding = 4; lastKnownFileType = file.xib; path = MainViewController.xib; sourceTree = "<group>"; };
		1C881FA01CF41E8400335788 /* CellProviderSample1ViewController.h */ = {isa = PBXFileReference; fileEncoding = 4; lastKnownFileType = sourcecode.c.h; path = CellProviderSample1ViewController.h; sourceTree = "<group>"; };
		1C881FA11CF41E8400335788 /* CellProviderSample1ViewController.m */ = {isa = PBXFileReference; fileEncoding = 4; lastKnownFileType = sourcecode.c.objc; path = CellProviderSample1ViewController.m; sourceTree = "<group>"; };
		1C881FA21CF41E8400335788 /* CellProviderSample1ViewController.xib */ = {isa = PBXFileReference; fileEncoding = 4; lastKnownFileType = file.xib; path = CellProviderSample1ViewController.xib; sourceTree = "<group>"; };
		1C978F681CF46552004270A7 /* NativeAdSample2ViewController.h */ = {isa = PBXFileReference; fileEncoding = 4; lastKnownFileType = sourcecode.c.h; path = NativeAdSample2ViewController.h; sourceTree = "<group>"; };
		1C978F691CF46552004270A7 /* NativeAdSample2ViewController.m */ = {isa = PBXFileReference; fileEncoding = 4; lastKnownFileType = sourcecode.c.objc; path = NativeAdSample2ViewController.m; sourceTree = "<group>"; };
		1C978F6A1CF46553004270A7 /* NativeAdSample2ViewController.xib */ = {isa = PBXFileReference; fileEncoding = 4; lastKnownFileType = file.xib; path = NativeAdSample2ViewController.xib; sourceTree = "<group>"; };
		1C978F6E1CF466CB004270A7 /* SampleView2.h */ = {isa = PBXFileReference; fileEncoding = 4; lastKnownFileType = sourcecode.c.h; path = SampleView2.h; sourceTree = "<group>"; };
		1C978F6F1CF466CB004270A7 /* SampleView2.m */ = {isa = PBXFileReference; fileEncoding = 4; lastKnownFileType = sourcecode.c.objc; path = SampleView2.m; sourceTree = "<group>"; };
		1C978F701CF466CB004270A7 /* SampleView2.xib */ = {isa = PBXFileReference; fileEncoding = 4; lastKnownFileType = file.xib; path = SampleView2.xib; sourceTree = "<group>"; };
		1CADD4BF1D1BC50800233963 /* libVMFiveMoPubAdapter.a */ = {isa = PBXFileReference; lastKnownFileType = archive.ar; path = libVMFiveMoPubAdapter.a; sourceTree = "<group>"; };
		1CADFAEC1F6BB7D100E2647E /* VMFiveSplashCustomEvent.h */ = {isa = PBXFileReference; fileEncoding = 4; lastKnownFileType = sourcecode.c.h; path = VMFiveSplashCustomEvent.h; sourceTree = "<group>"; };
		1CB1C16A1D23F1EB00272B08 /* NativeAdSample7ViewController.h */ = {isa = PBXFileReference; fileEncoding = 4; lastKnownFileType = sourcecode.c.h; path = NativeAdSample7ViewController.h; sourceTree = "<group>"; };
		1CB1C16B1D23F1EB00272B08 /* NativeAdSample7ViewController.m */ = {isa = PBXFileReference; fileEncoding = 4; lastKnownFileType = sourcecode.c.objc; path = NativeAdSample7ViewController.m; sourceTree = "<group>"; };
		1CB1C16C1D23F1EB00272B08 /* NativeAdSample7ViewController.xib */ = {isa = PBXFileReference; fileEncoding = 4; lastKnownFileType = file.xib; path = NativeAdSample7ViewController.xib; sourceTree = "<group>"; };
		1CB5C2021D1B7F420031BFE9 /* MoPubInterstitialSampleViewController.h */ = {isa = PBXFileReference; fileEncoding = 4; lastKnownFileType = sourcecode.c.h; path = MoPubInterstitialSampleViewController.h; sourceTree = "<group>"; };
		1CB5C2031D1B7F420031BFE9 /* MoPubInterstitialSampleViewController.m */ = {isa = PBXFileReference; fileEncoding = 4; lastKnownFileType = sourcecode.c.objc; path = MoPubInterstitialSampleViewController.m; sourceTree = "<group>"; };
		1CB5C2041D1B7F420031BFE9 /* MoPubInterstitialSampleViewController.xib */ = {isa = PBXFileReference; fileEncoding = 4; lastKnownFileType = file.xib; path = MoPubInterstitialSampleViewController.xib; sourceTree = "<group>"; };
		1CB5C20A1D1B82DA0031BFE9 /* VMFiveInterstitialCustomEvent.h */ = {isa = PBXFileReference; fileEncoding = 4; lastKnownFileType = sourcecode.c.h; path = VMFiveInterstitialCustomEvent.h; sourceTree = "<group>"; };
		1CB5C20B1D1B82DA0031BFE9 /* VMFiveNativeVideoAdAdapter.h */ = {isa = PBXFileReference; fileEncoding = 4; lastKnownFileType = sourcecode.c.h; path = VMFiveNativeVideoAdAdapter.h; sourceTree = "<group>"; };
		1CB5C20C1D1B82DA0031BFE9 /* VMFiveNativeVideoCustomEvent.h */ = {isa = PBXFileReference; fileEncoding = 4; lastKnownFileType = sourcecode.c.h; path = VMFiveNativeVideoCustomEvent.h; sourceTree = "<group>"; };
		1CB5C20F1D1B94080031BFE9 /* MoPubNativeAdSampleViewController.h */ = {isa = PBXFileReference; fileEncoding = 4; lastKnownFileType = sourcecode.c.h; path = MoPubNativeAdSampleViewController.h; sourceTree = "<group>"; };
		1CB5C2101D1B94080031BFE9 /* MoPubNativeAdSampleViewController.m */ = {isa = PBXFileReference; fileEncoding = 4; lastKnownFileType = sourcecode.c.objc; path = MoPubNativeAdSampleViewController.m; sourceTree = "<group>"; };
		1CB5C2111D1B94080031BFE9 /* MoPubNativeAdSampleViewController.xib */ = {isa = PBXFileReference; fileEncoding = 4; lastKnownFileType = file.xib; path = MoPubNativeAdSampleViewController.xib; sourceTree = "<group>"; };
		1CB5C2161D1BAE880031BFE9 /* MPNativeVideoView.h */ = {isa = PBXFileReference; fileEncoding = 4; lastKnownFileType = sourcecode.c.h; path = MPNativeVideoView.h; sourceTree = "<group>"; };
		1CB5C2171D1BAE880031BFE9 /* MPNativeVideoView.m */ = {isa = PBXFileReference; fileEncoding = 4; lastKnownFileType = sourcecode.c.objc; path = MPNativeVideoView.m; sourceTree = "<group>"; };
		1CC7F8FC1CFC1C72000CCF25 /* NativeAdSample4ViewController.h */ = {isa = PBXFileReference; fileEncoding = 4; lastKnownFileType = sourcecode.c.h; path = NativeAdSample4ViewController.h; sourceTree = "<group>"; };
		1CC7F8FD1CFC1C72000CCF25 /* NativeAdSample4ViewController.m */ = {isa = PBXFileReference; fileEncoding = 4; lastKnownFileType = sourcecode.c.objc; path = NativeAdSample4ViewController.m; sourceTree = "<group>"; };
		1CC7F8FE1CFC1C72000CCF25 /* NativeAdSample4ViewController.xib */ = {isa = PBXFileReference; fileEncoding = 4; lastKnownFileType = file.xib; path = NativeAdSample4ViewController.xib; sourceTree = "<group>"; };
		1CCF94841D13D5FF00749F0F /* RewardedVideoSampleViewController.h */ = {isa = PBXFileReference; fileEncoding = 4; lastKnownFileType = sourcecode.c.h; path = RewardedVideoSampleViewController.h; sourceTree = "<group>"; };
		1CCF94851D13D5FF00749F0F /* RewardedVideoSampleViewController.m */ = {isa = PBXFileReference; fileEncoding = 4; lastKnownFileType = sourcecode.c.objc; path = RewardedVideoSampleViewController.m; sourceTree = "<group>"; };
		1CCF94861D13D5FF00749F0F /* RewardedVideoSampleViewController.xib */ = {isa = PBXFileReference; fileEncoding = 4; lastKnownFileType = file.xib; path = RewardedVideoSampleViewController.xib; sourceTree = "<group>"; };
		1CD109741CF4241400B454D2 /* SampleView1.h */ = {isa = PBXFileReference; fileEncoding = 4; lastKnownFileType = sourcecode.c.h; path = SampleView1.h; sourceTree = "<group>"; };
		1CD109751CF4241400B454D2 /* SampleView1.m */ = {isa = PBXFileReference; fileEncoding = 4; lastKnownFileType = sourcecode.c.objc; path = SampleView1.m; sourceTree = "<group>"; };
		1CD109771CF4242600B454D2 /* SampleView1.xib */ = {isa = PBXFileReference; fileEncoding = 4; lastKnownFileType = file.xib; path = SampleView1.xib; sourceTree = "<group>"; };
		1CD1097A1CF430AD00B454D2 /* NativeAdSample1ViewController.h */ = {isa = PBXFileReference; fileEncoding = 4; lastKnownFileType = sourcecode.c.h; path = NativeAdSample1ViewController.h; sourceTree = "<group>"; };
		1CD1097B1CF430AD00B454D2 /* NativeAdSample1ViewController.m */ = {isa = PBXFileReference; fileEncoding = 4; lastKnownFileType = sourcecode.c.objc; path = NativeAdSample1ViewController.m; sourceTree = "<group>"; };
		1CD1097C1CF430AD00B454D2 /* NativeAdSample1ViewController.xib */ = {isa = PBXFileReference; fileEncoding = 4; lastKnownFileType = file.xib; path = NativeAdSample1ViewController.xib; sourceTree = "<group>"; };
		1CD15BBF1D1ADE5A00498489 /* AdMobInterstitialSampleViewController.h */ = {isa = PBXFileReference; fileEncoding = 4; lastKnownFileType = sourcecode.c.h; path = AdMobInterstitialSampleViewController.h; sourceTree = "<group>"; };
		1CD15BC01D1ADE5A00498489 /* AdMobInterstitialSampleViewController.m */ = {isa = PBXFileReference; fileEncoding = 4; lastKnownFileType = sourcecode.c.objc; path = AdMobInterstitialSampleViewController.m; sourceTree = "<group>"; };
		1CD15BC11D1ADE5A00498489 /* AdMobInterstitialSampleViewController.xib */ = {isa = PBXFileReference; fileEncoding = 4; lastKnownFileType = file.xib; path = AdMobInterstitialSampleViewController.xib; sourceTree = "<group>"; };
		1CD8F7B91D35D38C00F4BA66 /* VANativeAd+IconAlignment.h */ = {isa = PBXFileReference; fileEncoding = 4; lastKnownFileType = sourcecode.c.h; path = "VANativeAd+IconAlignment.h"; sourceTree = "<group>"; };
		1CD8F7BA1D35D38C00F4BA66 /* VANativeAd+IconAlignment.m */ = {isa = PBXFileReference; fileEncoding = 4; lastKnownFileType = sourcecode.c.objc; path = "VANativeAd+IconAlignment.m"; sourceTree = "<group>"; };
		25C6B5F41D3D96B261F81DAA /* Pods-ios-sdk-demo.debug.xcconfig */ = {isa = PBXFileReference; includeInIndex = 1; lastKnownFileType = text.xcconfig; name = "Pods-ios-sdk-demo.debug.xcconfig"; path = "Pods/Target Support Files/Pods-ios-sdk-demo/Pods-ios-sdk-demo.debug.xcconfig"; sourceTree = "<group>"; };
		B6F1510BDE0756099474ECFC /* libPods-ios-sdk-demo.a */ = {isa = PBXFileReference; explicitFileType = archive.ar; includeInIndex = 0; path = "libPods-ios-sdk-demo.a"; sourceTree = BUILT_PRODUCTS_DIR; };
		DAB9AAB8B03E179577C67E58 /* Pods-ios-sdk-demo.release.xcconfig */ = {isa = PBXFileReference; includeInIndex = 1; lastKnownFileType = text.xcconfig; name = "Pods-ios-sdk-demo.release.xcconfig"; path = "Pods/Target Support Files/Pods-ios-sdk-demo/Pods-ios-sdk-demo.release.xcconfig"; sourceTree = "<group>"; };
/* End PBXFileReference section */

/* Begin PBXFrameworksBuildPhase section */
		1C4CBD321CF404C100D5F62F /* Frameworks */ = {
			isa = PBXFrameworksBuildPhase;
			buildActionMask = 2147483647;
			files = (
				1C4468D81D1ACF4600D863A3 /* libVMFiveAdMobAdapter.a in Frameworks */,
				1CADD4C01D1BC50800233963 /* libVMFiveMoPubAdapter.a in Frameworks */,
				65487099586FCA70563AF1C1 /* libPods-ios-sdk-demo.a in Frameworks */,
			);
			runOnlyForDeploymentPostprocessing = 0;
		};
/* End PBXFrameworksBuildPhase section */

/* Begin PBXGroup section */
		1C010B4E1F6BB6DD00F27728 /* MoPubSplashSample */ = {
			isa = PBXGroup;
			children = (
				1C010B4F1F6BB70900F27728 /* MoPubSplashSampleViewController.h */,
				1C010B501F6BB70900F27728 /* MoPubSplashSampleViewController.m */,
				1C010B511F6BB70900F27728 /* MoPubSplashSampleViewController.xib */,
			);
			path = MoPubSplashSample;
			sourceTree = "<group>";
		};
		1C2CD7861CF5243C00CEE8AD /* SampleView3 */ = {
			isa = PBXGroup;
			children = (
				1C2CD7871CF5246100CEE8AD /* SampleView3.h */,
				1C2CD7881CF5246100CEE8AD /* SampleView3.m */,
			);
			path = SampleView3;
			sourceTree = "<group>";
		};
		1C2CD78A1CF5329800CEE8AD /* CellProviderSample2 */ = {
			isa = PBXGroup;
			children = (
				1C2CD78B1CF532C800CEE8AD /* CellProviderSample2ViewController.h */,
				1C2CD78C1CF532C800CEE8AD /* CellProviderSample2ViewController.m */,
				1C2CD78D1CF532C800CEE8AD /* CellProviderSample2ViewController.xib */,
			);
			path = CellProviderSample2;
			sourceTree = "<group>";
		};
		1C2CD7901CF5376C00CEE8AD /* NativeAdSample3 */ = {
			isa = PBXGroup;
			children = (
				1C2CD7911CF5378E00CEE8AD /* NativeAdSample3ViewController.h */,
				1C2CD7921CF5378E00CEE8AD /* NativeAdSample3ViewController.m */,
				1C2CD7931CF5378E00CEE8AD /* NativeAdSample3ViewController.xib */,
			);
			path = NativeAdSample3;
			sourceTree = "<group>";
		};
		1C2CD7961CF53AF400CEE8AD /* BannerSample */ = {
			isa = PBXGroup;
			children = (
				1C2CD7971CF53B1800CEE8AD /* BannerSampleViewController.h */,
				1C2CD7981CF53B1800CEE8AD /* BannerSampleViewController.m */,
				1C2CD7991CF53B1800CEE8AD /* BannerSampleViewController.xib */,
			);
			path = BannerSample;
			sourceTree = "<group>";
		};
		1C2CD79C1CF541A700CEE8AD /* CardSample */ = {
			isa = PBXGroup;
			children = (
				1C2CD79D1CF541BB00CEE8AD /* CardSampleViewController.h */,
				1C2CD79E1CF541BB00CEE8AD /* CardSampleViewController.m */,
				1C2CD79F1CF541BB00CEE8AD /* CardSampleViewController.xib */,
			);
			path = CardSample;
			sourceTree = "<group>";
		};
		1C2CD7A21CF5445E00CEE8AD /* InterstitialSample */ = {
			isa = PBXGroup;
			children = (
				1C2CD7A31CF5447500CEE8AD /* InterstitialSampleViewController.h */,
				1C2CD7A41CF5447500CEE8AD /* InterstitialSampleViewController.m */,
				1C2CD7A51CF5447500CEE8AD /* InterstitialSampleViewController.xib */,
			);
			path = InterstitialSample;
			sourceTree = "<group>";
		};
		1C32A2311D1244AC0031B681 /* NativeAdSample6 */ = {
			isa = PBXGroup;
			children = (
				1C32A2321D1244CB0031B681 /* NativeAdSample6ViewController.h */,
				1C32A2331D1244CB0031B681 /* NativeAdSample6ViewController.m */,
				1C32A2341D1244CB0031B681 /* NativeAdSample6ViewController.xib */,
			);
			path = NativeAdSample6;
			sourceTree = "<group>";
		};
		1C32A2371D1247910031B681 /* SampleView4 */ = {
			isa = PBXGroup;
			children = (
				1C32A2381D1247AC0031B681 /* SampleView4.h */,
				1C32A2391D1247AC0031B681 /* SampleView4.m */,
				1C32A23B1D1247BE0031B681 /* SampleView4.xib */,
			);
			path = SampleView4;
			sourceTree = "<group>";
		};
		1C3C7B161F6BB02E00620D30 /* SplashSample */ = {
			isa = PBXGroup;
			children = (
				1C3C7B171F6BB05100620D30 /* SplashSampleViewController.h */,
				1C3C7B181F6BB05100620D30 /* SplashSampleViewController.m */,
				1C3C7B191F6BB05100620D30 /* SplashSampleViewController.xib */,
			);
			path = SplashSample;
			sourceTree = "<group>";
		};
		1C410D861D07C7510078D9A1 /* NativeAdSample5 */ = {
			isa = PBXGroup;
			children = (
				1C410D871D07C77E0078D9A1 /* NativeAdSample5ViewController.h */,
				1C410D881D07C77E0078D9A1 /* NativeAdSample5ViewController.m */,
				1C410D891D07C77E0078D9A1 /* NativeAdSample5ViewController.xib */,
				1C410D8C1D07CB1E0078D9A1 /* YourCollectionViewCell.h */,
				1C410D8D1D07CB1E0078D9A1 /* YourCollectionViewCell.m */,
				1C410D8E1D07CB1E0078D9A1 /* YourCollectionViewCell.xib */,
			);
			path = NativeAdSample5;
			sourceTree = "<group>";
		};
		1C4468D21D1ACF4600D863A3 /* Models */ = {
			isa = PBXGroup;
			children = (
				1C4468D31D1ACF4600D863A3 /* VMFiveAdMobAdapter */,
				1CB5C2071D1B82DA0031BFE9 /* VMFiveMoPubAdapter */,
			);
			path = Models;
			sourceTree = "<group>";
		};
		1C4468D31D1ACF4600D863A3 /* VMFiveAdMobAdapter */ = {
			isa = PBXGroup;
			children = (
				1C4468D41D1ACF4600D863A3 /* libVMFiveAdMobAdapter.a */,
				1C4468D51D1ACF4600D863A3 /* VMFiveAdMobAdapter */,
			);
			path = VMFiveAdMobAdapter;
			sourceTree = "<group>";
		};
		1C4468D51D1ACF4600D863A3 /* VMFiveAdMobAdapter */ = {
			isa = PBXGroup;
			children = (
				1C4468D61D1ACF4600D863A3 /* VMFiveCustomBanner.h */,
				1C4468D71D1ACF4600D863A3 /* VMFiveCustomInterstitial.h */,
			);
			path = VMFiveAdMobAdapter;
			sourceTree = "<group>";
		};
		1C4468D91D1ACF6F00D863A3 /* AdMobBannerSample */ = {
			isa = PBXGroup;
			children = (
				1C4468DA1D1ACF8500D863A3 /* AdMobBannerSampleViewController.h */,
				1C4468DB1D1ACF8500D863A3 /* AdMobBannerSampleViewController.m */,
				1C4468DC1D1ACF8500D863A3 /* AdMobBannerSampleViewController.xib */,
			);
			path = AdMobBannerSample;
			sourceTree = "<group>";
		};
		1C4CBD2C1CF404C100D5F62F = {
			isa = PBXGroup;
			children = (
				1C4CBD371CF404C100D5F62F /* ios-sdk-demo */,
				1C4CBD361CF404C100D5F62F /* Products */,
				D4A0331B0DB3B45C62D8CDE1 /* Pods */,
				6EC1AC342436E772995129E9 /* Frameworks */,
			);
			sourceTree = "<group>";
		};
		1C4CBD361CF404C100D5F62F /* Products */ = {
			isa = PBXGroup;
			children = (
				1C4CBD351CF404C100D5F62F /* ios-sdk-demo.app */,
			);
			name = Products;
			sourceTree = "<group>";
		};
		1C4CBD371CF404C100D5F62F /* ios-sdk-demo */ = {
			isa = PBXGroup;
			children = (
				1C4468D21D1ACF4600D863A3 /* Models */,
				1CD1096C1CF4235900B454D2 /* Views */,
				1C881F981CF4062100335788 /* ViewControllers */,
				1C4CBD3B1CF404C100D5F62F /* AppDelegate.h */,
				1C4CBD3C1CF404C100D5F62F /* AppDelegate.m */,
				1C4CBD441CF404C100D5F62F /* Assets.xcassets */,
				1C4CBD461CF404C100D5F62F /* LaunchScreen.storyboard */,
				1C4CBD491CF404C100D5F62F /* Info.plist */,
				1C4CBD381CF404C100D5F62F /* Supporting Files */,
			);
			path = "ios-sdk-demo";
			sourceTree = "<group>";
		};
		1C4CBD381CF404C100D5F62F /* Supporting Files */ = {
			isa = PBXGroup;
			children = (
				1C4CBD391CF404C100D5F62F /* main.m */,
			);
			name = "Supporting Files";
			sourceTree = "<group>";
		};
		1C7335D51CF465150040D7D6 /* NativeAdSample2 */ = {
			isa = PBXGroup;
			children = (
				1C978F681CF46552004270A7 /* NativeAdSample2ViewController.h */,
				1C978F691CF46552004270A7 /* NativeAdSample2ViewController.m */,
				1C978F6A1CF46553004270A7 /* NativeAdSample2ViewController.xib */,
			);
			path = NativeAdSample2;
			sourceTree = "<group>";
		};
		1C881F981CF4062100335788 /* ViewControllers */ = {
			isa = PBXGroup;
			children = (
				1C881F991CF4062100335788 /* MainViewController */,
				1CD109791CF4308100B454D2 /* NativeAdSample1 */,
				1C7335D51CF465150040D7D6 /* NativeAdSample2 */,
				1C2CD7901CF5376C00CEE8AD /* NativeAdSample3 */,
				1CC7F8F61CFC1941000CCF25 /* NativeAdSample4 */,
				1C410D861D07C7510078D9A1 /* NativeAdSample5 */,
				1C32A2311D1244AC0031B681 /* NativeAdSample6 */,
				1CB1C1691D23F19500272B08 /* NativeAdSample7 */,
				1C881F9F1CF41E5500335788 /* CellProviderSample1 */,
				1C2CD78A1CF5329800CEE8AD /* CellProviderSample2 */,
				1C2CD7961CF53AF400CEE8AD /* BannerSample */,
				1C2CD79C1CF541A700CEE8AD /* CardSample */,
				1C2CD7A21CF5445E00CEE8AD /* InterstitialSample */,
				1C3C7B161F6BB02E00620D30 /* SplashSample */,
				1CCF94831D13D5C400749F0F /* RewardedVideoSample */,
				1C4468D91D1ACF6F00D863A3 /* AdMobBannerSample */,
				1CD15BBE1D1ADE3F00498489 /* AdMobInterstitialSample */,
				1CB5C2011D1B7F2E0031BFE9 /* MoPubInterstitialSample */,
				1C010B4E1F6BB6DD00F27728 /* MoPubSplashSample */,
				1CB5C20E1D1B93EA0031BFE9 /* MoPubNativeAdSample */,
			);
			path = ViewControllers;
			sourceTree = "<group>";
		};
		1C881F991CF4062100335788 /* MainViewController */ = {
			isa = PBXGroup;
			children = (
				1C7335D31CF45D0F0040D7D6 /* DemoList.plist */,
				1C881F9A1CF4065E00335788 /* MainViewController.h */,
				1C881F9B1CF4065E00335788 /* MainViewController.m */,
				1C881F9C1CF4065E00335788 /* MainViewController.xib */,
			);
			path = MainViewController;
			sourceTree = "<group>";
		};
		1C881F9F1CF41E5500335788 /* CellProviderSample1 */ = {
			isa = PBXGroup;
			children = (
				1C881FA01CF41E8400335788 /* CellProviderSample1ViewController.h */,
				1C881FA11CF41E8400335788 /* CellProviderSample1ViewController.m */,
				1C881FA21CF41E8400335788 /* CellProviderSample1ViewController.xib */,
				1C1BA1701D2A44AB0059B062 /* PetImageTableViewCell.h */,
				1C1BA1711D2A44AB0059B062 /* PetImageTableViewCell.m */,
				1C1BA1721D2A44AB0059B062 /* PetImageTableViewCell.xib */,
				1C1BA1751D2A5B3E0059B062 /* NoteTableViewCell.h */,
				1C1BA1761D2A5B3E0059B062 /* NoteTableViewCell.m */,
				1C1BA1771D2A5B3E0059B062 /* NoteTableViewCell.xib */,
			);
			path = CellProviderSample1;
			sourceTree = "<group>";
		};
		1C978F6D1CF466CB004270A7 /* SampleView2 */ = {
			isa = PBXGroup;
			children = (
				1C978F6E1CF466CB004270A7 /* SampleView2.h */,
				1C978F6F1CF466CB004270A7 /* SampleView2.m */,
				1C978F701CF466CB004270A7 /* SampleView2.xib */,
			);
			path = SampleView2;
			sourceTree = "<group>";
		};
		1CB1C1691D23F19500272B08 /* NativeAdSample7 */ = {
			isa = PBXGroup;
			children = (
				1CB1C16A1D23F1EB00272B08 /* NativeAdSample7ViewController.h */,
				1CB1C16B1D23F1EB00272B08 /* NativeAdSample7ViewController.m */,
				1CB1C16C1D23F1EB00272B08 /* NativeAdSample7ViewController.xib */,
			);
			path = NativeAdSample7;
			sourceTree = "<group>";
		};
		1CB5C2011D1B7F2E0031BFE9 /* MoPubInterstitialSample */ = {
			isa = PBXGroup;
			children = (
				1CB5C2021D1B7F420031BFE9 /* MoPubInterstitialSampleViewController.h */,
				1CB5C2031D1B7F420031BFE9 /* MoPubInterstitialSampleViewController.m */,
				1CB5C2041D1B7F420031BFE9 /* MoPubInterstitialSampleViewController.xib */,
			);
			path = MoPubInterstitialSample;
			sourceTree = "<group>";
		};
		1CB5C2071D1B82DA0031BFE9 /* VMFiveMoPubAdapter */ = {
			isa = PBXGroup;
			children = (
				1CADD4BF1D1BC50800233963 /* libVMFiveMoPubAdapter.a */,
				1CB5C2091D1B82DA0031BFE9 /* VMFiveMoPubAdapter */,
			);
			path = VMFiveMoPubAdapter;
			sourceTree = "<group>";
		};
		1CB5C2091D1B82DA0031BFE9 /* VMFiveMoPubAdapter */ = {
			isa = PBXGroup;
			children = (
				1CB5C20A1D1B82DA0031BFE9 /* VMFiveInterstitialCustomEvent.h */,
				1CADFAEC1F6BB7D100E2647E /* VMFiveSplashCustomEvent.h */,
				1CB5C20B1D1B82DA0031BFE9 /* VMFiveNativeVideoAdAdapter.h */,
				1CB5C20C1D1B82DA0031BFE9 /* VMFiveNativeVideoCustomEvent.h */,
			);
			path = VMFiveMoPubAdapter;
			sourceTree = "<group>";
		};
		1CB5C20E1D1B93EA0031BFE9 /* MoPubNativeAdSample */ = {
			isa = PBXGroup;
			children = (
				1CB5C20F1D1B94080031BFE9 /* MoPubNativeAdSampleViewController.h */,
				1CB5C2101D1B94080031BFE9 /* MoPubNativeAdSampleViewController.m */,
				1CB5C2111D1B94080031BFE9 /* MoPubNativeAdSampleViewController.xib */,
				1CB5C2161D1BAE880031BFE9 /* MPNativeVideoView.h */,
				1CB5C2171D1BAE880031BFE9 /* MPNativeVideoView.m */,
			);
			path = MoPubNativeAdSample;
			sourceTree = "<group>";
		};
		1CC7F8F61CFC1941000CCF25 /* NativeAdSample4 */ = {
			isa = PBXGroup;
			children = (
				1CC7F8FC1CFC1C72000CCF25 /* NativeAdSample4ViewController.h */,
				1CC7F8FD1CFC1C72000CCF25 /* NativeAdSample4ViewController.m */,
				1CC7F8FE1CFC1C72000CCF25 /* NativeAdSample4ViewController.xib */,
				1C41C85B1CFC200100970659 /* VANativeAd+FullscreenIcon.h */,
				1C41C85C1CFC200100970659 /* VANativeAd+FullscreenIcon.m */,
				1CD8F7B91D35D38C00F4BA66 /* VANativeAd+IconAlignment.h */,
				1CD8F7BA1D35D38C00F4BA66 /* VANativeAd+IconAlignment.m */,
			);
			path = NativeAdSample4;
			sourceTree = "<group>";
		};
		1CCF94831D13D5C400749F0F /* RewardedVideoSample */ = {
			isa = PBXGroup;
			children = (
				1CCF94841D13D5FF00749F0F /* RewardedVideoSampleViewController.h */,
				1CCF94851D13D5FF00749F0F /* RewardedVideoSampleViewController.m */,
				1CCF94861D13D5FF00749F0F /* RewardedVideoSampleViewController.xib */,
			);
			path = RewardedVideoSample;
			sourceTree = "<group>";
		};
		1CD1096C1CF4235900B454D2 /* Views */ = {
			isa = PBXGroup;
			children = (
				1CD109731CF4240300B454D2 /* SampleView1 */,
				1C978F6D1CF466CB004270A7 /* SampleView2 */,
				1C2CD7861CF5243C00CEE8AD /* SampleView3 */,
				1C32A2371D1247910031B681 /* SampleView4 */,
			);
			path = Views;
			sourceTree = "<group>";
		};
		1CD109731CF4240300B454D2 /* SampleView1 */ = {
			isa = PBXGroup;
			children = (
				1CD109741CF4241400B454D2 /* SampleView1.h */,
				1CD109751CF4241400B454D2 /* SampleView1.m */,
				1CD109771CF4242600B454D2 /* SampleView1.xib */,
			);
			path = SampleView1;
			sourceTree = "<group>";
		};
		1CD109791CF4308100B454D2 /* NativeAdSample1 */ = {
			isa = PBXGroup;
			children = (
				1CD1097A1CF430AD00B454D2 /* NativeAdSample1ViewController.h */,
				1CD1097B1CF430AD00B454D2 /* NativeAdSample1ViewController.m */,
				1CD1097C1CF430AD00B454D2 /* NativeAdSample1ViewController.xib */,
			);
			path = NativeAdSample1;
			sourceTree = "<group>";
		};
		1CD15BBE1D1ADE3F00498489 /* AdMobInterstitialSample */ = {
			isa = PBXGroup;
			children = (
				1CD15BBF1D1ADE5A00498489 /* AdMobInterstitialSampleViewController.h */,
				1CD15BC01D1ADE5A00498489 /* AdMobInterstitialSampleViewController.m */,
				1CD15BC11D1ADE5A00498489 /* AdMobInterstitialSampleViewController.xib */,
			);
			path = AdMobInterstitialSample;
			sourceTree = "<group>";
		};
		6EC1AC342436E772995129E9 /* Frameworks */ = {
			isa = PBXGroup;
			children = (
				B6F1510BDE0756099474ECFC /* libPods-ios-sdk-demo.a */,
			);
			name = Frameworks;
			sourceTree = "<group>";
		};
		D4A0331B0DB3B45C62D8CDE1 /* Pods */ = {
			isa = PBXGroup;
			children = (
				25C6B5F41D3D96B261F81DAA /* Pods-ios-sdk-demo.debug.xcconfig */,
				DAB9AAB8B03E179577C67E58 /* Pods-ios-sdk-demo.release.xcconfig */,
			);
			name = Pods;
			sourceTree = "<group>";
		};
/* End PBXGroup section */

/* Begin PBXNativeTarget section */
		1C4CBD341CF404C100D5F62F /* ios-sdk-demo */ = {
			isa = PBXNativeTarget;
			buildConfigurationList = 1C4CBD4C1CF404C100D5F62F /* Build configuration list for PBXNativeTarget "ios-sdk-demo" */;
			buildPhases = (
				D406980EBDDEA0F2AFF8AA12 /* [CP] Check Pods Manifest.lock */,
				1C4CBD311CF404C100D5F62F /* Sources */,
				1C4CBD321CF404C100D5F62F /* Frameworks */,
				1C4CBD331CF404C100D5F62F /* Resources */,
				D24D7F199490E0F46EEE36C7 /* [CP] Copy Pods Resources */,
			);
			buildRules = (
			);
			dependencies = (
			);
			name = "ios-sdk-demo";
			productName = "ios-sdk-demo";
			productReference = 1C4CBD351CF404C100D5F62F /* ios-sdk-demo.app */;
			productType = "com.apple.product-type.application";
		};
/* End PBXNativeTarget section */

/* Begin PBXProject section */
		1C4CBD2D1CF404C100D5F62F /* Project object */ = {
			isa = PBXProject;
			attributes = {
				LastUpgradeCheck = 0730;
				ORGANIZATIONNAME = DaidoujiChen;
				TargetAttributes = {
					1C4CBD341CF404C100D5F62F = {
						CreatedOnToolsVersion = 7.3.1;
					};
				};
			};
			buildConfigurationList = 1C4CBD301CF404C100D5F62F /* Build configuration list for PBXProject "ios-sdk-demo" */;
			compatibilityVersion = "Xcode 3.2";
			developmentRegion = English;
			hasScannedForEncodings = 0;
			knownRegions = (
				en,
				Base,
			);
			mainGroup = 1C4CBD2C1CF404C100D5F62F;
			productRefGroup = 1C4CBD361CF404C100D5F62F /* Products */;
			projectDirPath = "";
			projectRoot = "";
			targets = (
				1C4CBD341CF404C100D5F62F /* ios-sdk-demo */,
			);
		};
/* End PBXProject section */

/* Begin PBXResourcesBuildPhase section */
		1C4CBD331CF404C100D5F62F /* Resources */ = {
			isa = PBXResourcesBuildPhase;
			buildActionMask = 2147483647;
			files = (
				1C32A23C1D1247BE0031B681 /* SampleView4.xib in Resources */,
				1C32A2361D1244CB0031B681 /* NativeAdSample6ViewController.xib in Resources */,
				1C4CBD481CF404C100D5F62F /* LaunchScreen.storyboard in Resources */,
				1C881F9E1CF4065E00335788 /* MainViewController.xib in Resources */,
				1C2CD7A71CF5447500CEE8AD /* InterstitialSampleViewController.xib in Resources */,
				1C2CD79B1CF53B1800CEE8AD /* BannerSampleViewController.xib in Resources */,
				1C2CD7951CF5378E00CEE8AD /* NativeAdSample3ViewController.xib in Resources */,
				1CD1097E1CF430AD00B454D2 /* NativeAdSample1ViewController.xib in Resources */,
				1C978F6C1CF46553004270A7 /* NativeAdSample2ViewController.xib in Resources */,
				1C4CBD451CF404C100D5F62F /* Assets.xcassets in Resources */,
				1C978F721CF466CB004270A7 /* SampleView2.xib in Resources */,
				1C3C7B1B1F6BB05100620D30 /* SplashSampleViewController.xib in Resources */,
				1CD109781CF4242600B454D2 /* SampleView1.xib in Resources */,
				1CCF94881D13D5FF00749F0F /* RewardedVideoSampleViewController.xib in Resources */,
				1C4468DE1D1ACF8500D863A3 /* AdMobBannerSampleViewController.xib in Resources */,
				1CD15BC31D1ADE5A00498489 /* AdMobInterstitialSampleViewController.xib in Resources */,
				1C010B531F6BB70900F27728 /* MoPubSplashSampleViewController.xib in Resources */,
				1C1BA1791D2A5B3E0059B062 /* NoteTableViewCell.xib in Resources */,
				1CB5C2061D1B7F420031BFE9 /* MoPubInterstitialSampleViewController.xib in Resources */,
				1C7335D41CF45D0F0040D7D6 /* DemoList.plist in Resources */,
				1C1BA1741D2A44AB0059B062 /* PetImageTableViewCell.xib in Resources */,
				1C410D901D07CB1E0078D9A1 /* YourCollectionViewCell.xib in Resources */,
				1C2CD7A11CF541BB00CEE8AD /* CardSampleViewController.xib in Resources */,
				1C410D8B1D07C77E0078D9A1 /* NativeAdSample5ViewController.xib in Resources */,
				1CC7F9001CFC1C72000CCF25 /* NativeAdSample4ViewController.xib in Resources */,
				1C2CD78F1CF532C800CEE8AD /* CellProviderSample2ViewController.xib in Resources */,
				1CB1C16E1D23F1EB00272B08 /* NativeAdSample7ViewController.xib in Resources */,
				1CB5C2131D1B94080031BFE9 /* MoPubNativeAdSampleViewController.xib in Resources */,
				1C881FA41CF41E8400335788 /* CellProviderSample1ViewController.xib in Resources */,
			);
			runOnlyForDeploymentPostprocessing = 0;
		};
/* End PBXResourcesBuildPhase section */

/* Begin PBXShellScriptBuildPhase section */
		D24D7F199490E0F46EEE36C7 /* [CP] Copy Pods Resources */ = {
			isa = PBXShellScriptBuildPhase;
			buildActionMask = 2147483647;
			files = (
			);
			inputPaths = (
				"${SRCROOT}/Pods/Target Support Files/Pods-ios-sdk-demo/Pods-ios-sdk-demo-resources.sh",
				"${PODS_ROOT}/mopub-ios-sdk/MoPubSDK/Internal/Common/MPAdBrowserController.xib",
				"${PODS_ROOT}/mopub-ios-sdk/MoPubSDK/Resources/MPCloseBtn.png",
				"${PODS_ROOT}/mopub-ios-sdk/MoPubSDK/Resources/MPCloseBtn@2x.png",
				"${PODS_ROOT}/mopub-ios-sdk/MoPubSDK/Resources/MPCloseBtn@3x.png",
				"${PODS_ROOT}/mopub-ios-sdk/MoPubSDK/Resources/MPCloseButtonX.png",
				"${PODS_ROOT}/mopub-ios-sdk/MoPubSDK/Resources/MPCloseButtonX@2x.png",
				"${PODS_ROOT}/mopub-ios-sdk/MoPubSDK/Resources/MPCloseButtonX@3x.png",
				"${PODS_ROOT}/mopub-ios-sdk/MoPubSDK/Resources/MPCountdownTimer.html",
				"${PODS_ROOT}/mopub-ios-sdk/MoPubSDK/Resources/MPDAAIcon.png",
				"${PODS_ROOT}/mopub-ios-sdk/MoPubSDK/Resources/MPDAAIcon@2x.png",
				"${PODS_ROOT}/mopub-ios-sdk/MoPubSDK/Resources/MPDAAIcon@3x.png",
				"${PODS_ROOT}/mopub-ios-sdk/MoPubSDK/Resources/MPMutedBtn.png",
				"${PODS_ROOT}/mopub-ios-sdk/MoPubSDK/Resources/MPMutedBtn@2x.png",
				"${PODS_ROOT}/mopub-ios-sdk/MoPubSDK/Resources/MPMutedBtn@3x.png",
				"${PODS_ROOT}/mopub-ios-sdk/MoPubSDK/Resources/MPPlayBtn.png",
				"${PODS_ROOT}/mopub-ios-sdk/MoPubSDK/Resources/MPPlayBtn@2x.png",
				"${PODS_ROOT}/mopub-ios-sdk/MoPubSDK/Resources/MPPlayBtn@3x.png",
				"${PODS_ROOT}/mopub-ios-sdk/MoPubSDK/Resources/MPUnmutedBtn.png",
				"${PODS_ROOT}/mopub-ios-sdk/MoPubSDK/Resources/MPUnmutedBtn@2x.png",
				"${PODS_ROOT}/mopub-ios-sdk/MoPubSDK/Resources/MPUnmutedBtn@3x.png",
				"${PODS_ROOT}/mopub-ios-sdk/MoPubSDK/Resources/MRAID.bundle",
			);
			name = "[CP] Copy Pods Resources";
			outputPaths = (
				"${TARGET_BUILD_DIR}/${UNLOCALIZED_RESOURCES_FOLDER_PATH}/MPAdBrowserController.nib",
				"${TARGET_BUILD_DIR}/${UNLOCALIZED_RESOURCES_FOLDER_PATH}/MPCloseBtn.png",
				"${TARGET_BUILD_DIR}/${UNLOCALIZED_RESOURCES_FOLDER_PATH}/MPCloseBtn@2x.png",
				"${TARGET_BUILD_DIR}/${UNLOCALIZED_RESOURCES_FOLDER_PATH}/MPCloseBtn@3x.png",
				"${TARGET_BUILD_DIR}/${UNLOCALIZED_RESOURCES_FOLDER_PATH}/MPCloseButtonX.png",
				"${TARGET_BUILD_DIR}/${UNLOCALIZED_RESOURCES_FOLDER_PATH}/MPCloseButtonX@2x.png",
				"${TARGET_BUILD_DIR}/${UNLOCALIZED_RESOURCES_FOLDER_PATH}/MPCloseButtonX@3x.png",
				"${TARGET_BUILD_DIR}/${UNLOCALIZED_RESOURCES_FOLDER_PATH}/MPCountdownTimer.html",
				"${TARGET_BUILD_DIR}/${UNLOCALIZED_RESOURCES_FOLDER_PATH}/MPDAAIcon.png",
				"${TARGET_BUILD_DIR}/${UNLOCALIZED_RESOURCES_FOLDER_PATH}/MPDAAIcon@2x.png",
				"${TARGET_BUILD_DIR}/${UNLOCALIZED_RESOURCES_FOLDER_PATH}/MPDAAIcon@3x.png",
				"${TARGET_BUILD_DIR}/${UNLOCALIZED_RESOURCES_FOLDER_PATH}/MPMutedBtn.png",
				"${TARGET_BUILD_DIR}/${UNLOCALIZED_RESOURCES_FOLDER_PATH}/MPMutedBtn@2x.png",
				"${TARGET_BUILD_DIR}/${UNLOCALIZED_RESOURCES_FOLDER_PATH}/MPMutedBtn@3x.png",
				"${TARGET_BUILD_DIR}/${UNLOCALIZED_RESOURCES_FOLDER_PATH}/MPPlayBtn.png",
				"${TARGET_BUILD_DIR}/${UNLOCALIZED_RESOURCES_FOLDER_PATH}/MPPlayBtn@2x.png",
				"${TARGET_BUILD_DIR}/${UNLOCALIZED_RESOURCES_FOLDER_PATH}/MPPlayBtn@3x.png",
				"${TARGET_BUILD_DIR}/${UNLOCALIZED_RESOURCES_FOLDER_PATH}/MPUnmutedBtn.png",
				"${TARGET_BUILD_DIR}/${UNLOCALIZED_RESOURCES_FOLDER_PATH}/MPUnmutedBtn@2x.png",
				"${TARGET_BUILD_DIR}/${UNLOCALIZED_RESOURCES_FOLDER_PATH}/MPUnmutedBtn@3x.png",
				"${TARGET_BUILD_DIR}/${UNLOCALIZED_RESOURCES_FOLDER_PATH}/MRAID.bundle",
			);
			runOnlyForDeploymentPostprocessing = 0;
			shellPath = /bin/sh;
			shellScript = "\"${SRCROOT}/Pods/Target Support Files/Pods-ios-sdk-demo/Pods-ios-sdk-demo-resources.sh\"\n";
			showEnvVarsInLog = 0;
		};
		D406980EBDDEA0F2AFF8AA12 /* [CP] Check Pods Manifest.lock */ = {
			isa = PBXShellScriptBuildPhase;
			buildActionMask = 2147483647;
			files = (
			);
			inputPaths = (
				"${PODS_PODFILE_DIR_PATH}/Podfile.lock",
				"${PODS_ROOT}/Manifest.lock",
			);
			name = "[CP] Check Pods Manifest.lock";
			outputPaths = (
				"$(DERIVED_FILE_DIR)/Pods-ios-sdk-demo-checkManifestLockResult.txt",
			);
			runOnlyForDeploymentPostprocessing = 0;
			shellPath = /bin/sh;
			shellScript = "diff \"${PODS_PODFILE_DIR_PATH}/Podfile.lock\" \"${PODS_ROOT}/Manifest.lock\" > /dev/null\nif [ $? != 0 ] ; then\n    # print error to STDERR\n    echo \"error: The sandbox is not in sync with the Podfile.lock. Run 'pod install' or update your CocoaPods installation.\" >&2\n    exit 1\nfi\n# This output is used by Xcode 'outputs' to avoid re-running this script phase.\necho \"SUCCESS\" > \"${SCRIPT_OUTPUT_FILE_0}\"\n";
			showEnvVarsInLog = 0;
		};
/* End PBXShellScriptBuildPhase section */

/* Begin PBXSourcesBuildPhase section */
		1C4CBD311CF404C100D5F62F /* Sources */ = {
			isa = PBXSourcesBuildPhase;
			buildActionMask = 2147483647;
			files = (
				1C41C85D1CFC200100970659 /* VANativeAd+FullscreenIcon.m in Sources */,
				1C010B521F6BB70900F27728 /* MoPubSplashSampleViewController.m in Sources */,
				1C410D8F1D07CB1E0078D9A1 /* YourCollectionViewCell.m in Sources */,
				1C4468DD1D1ACF8500D863A3 /* AdMobBannerSampleViewController.m in Sources */,
				1CD1097D1CF430AD00B454D2 /* NativeAdSample1ViewController.m in Sources */,
				1C4CBD3D1CF404C100D5F62F /* AppDelegate.m in Sources */,
				1CD15BC21D1ADE5A00498489 /* AdMobInterstitialSampleViewController.m in Sources */,
				1CCF94871D13D5FF00749F0F /* RewardedVideoSampleViewController.m in Sources */,
				1C2CD7A01CF541BB00CEE8AD /* CardSampleViewController.m in Sources */,
				1C410D8A1D07C77E0078D9A1 /* NativeAdSample5ViewController.m in Sources */,
				1C2CD79A1CF53B1800CEE8AD /* BannerSampleViewController.m in Sources */,
				1CB5C2051D1B7F420031BFE9 /* MoPubInterstitialSampleViewController.m in Sources */,
				1CC7F8FF1CFC1C72000CCF25 /* NativeAdSample4ViewController.m in Sources */,
				1C1BA1781D2A5B3E0059B062 /* NoteTableViewCell.m in Sources */,
				1CB5C21A1D1BAE880031BFE9 /* MPNativeVideoView.m in Sources */,
				1C1BA1731D2A44AB0059B062 /* PetImageTableViewCell.m in Sources */,
				1C881F9D1CF4065E00335788 /* MainViewController.m in Sources */,
				1CB5C2121D1B94080031BFE9 /* MoPubNativeAdSampleViewController.m in Sources */,
				1C2CD7941CF5378E00CEE8AD /* NativeAdSample3ViewController.m in Sources */,
				1CD109761CF4241400B454D2 /* SampleView1.m in Sources */,
				1C4CBD3A1CF404C100D5F62F /* main.m in Sources */,
				1C3C7B1A1F6BB05100620D30 /* SplashSampleViewController.m in Sources */,
				1C2CD7A61CF5447500CEE8AD /* InterstitialSampleViewController.m in Sources */,
				1CD8F7BB1D35D38C00F4BA66 /* VANativeAd+IconAlignment.m in Sources */,
				1C32A23A1D1247AC0031B681 /* SampleView4.m in Sources */,
				1C978F711CF466CB004270A7 /* SampleView2.m in Sources */,
				1C2CD78E1CF532C800CEE8AD /* CellProviderSample2ViewController.m in Sources */,
				1C881FA31CF41E8400335788 /* CellProviderSample1ViewController.m in Sources */,
				1C978F6B1CF46553004270A7 /* NativeAdSample2ViewController.m in Sources */,
				1C32A2351D1244CB0031B681 /* NativeAdSample6ViewController.m in Sources */,
				1CB1C16D1D23F1EB00272B08 /* NativeAdSample7ViewController.m in Sources */,
				1C2CD7891CF5246100CEE8AD /* SampleView3.m in Sources */,
			);
			runOnlyForDeploymentPostprocessing = 0;
		};
/* End PBXSourcesBuildPhase section */

/* Begin PBXVariantGroup section */
		1C4CBD461CF404C100D5F62F /* LaunchScreen.storyboard */ = {
			isa = PBXVariantGroup;
			children = (
				1C4CBD471CF404C100D5F62F /* Base */,
			);
			name = LaunchScreen.storyboard;
			sourceTree = "<group>";
		};
/* End PBXVariantGroup section */

/* Begin XCBuildConfiguration section */
		1C4CBD4A1CF404C100D5F62F /* Debug */ = {
			isa = XCBuildConfiguration;
			buildSettings = {
				ALWAYS_SEARCH_USER_PATHS = NO;
				CLANG_ANALYZER_NONNULL = YES;
				CLANG_CXX_LANGUAGE_STANDARD = "gnu++0x";
				CLANG_CXX_LIBRARY = "libc++";
				CLANG_ENABLE_MODULES = YES;
				CLANG_ENABLE_OBJC_ARC = YES;
				CLANG_WARN_BOOL_CONVERSION = YES;
				CLANG_WARN_CONSTANT_CONVERSION = YES;
				CLANG_WARN_DIRECT_OBJC_ISA_USAGE = YES_ERROR;
				CLANG_WARN_EMPTY_BODY = YES;
				CLANG_WARN_ENUM_CONVERSION = YES;
				CLANG_WARN_INT_CONVERSION = YES;
				CLANG_WARN_OBJC_ROOT_CLASS = YES_ERROR;
				CLANG_WARN_UNREACHABLE_CODE = YES;
				CLANG_WARN__DUPLICATE_METHOD_MATCH = YES;
				"CODE_SIGN_IDENTITY[sdk=iphoneos*]" = "iPhone Developer";
				COPY_PHASE_STRIP = NO;
				DEBUG_INFORMATION_FORMAT = dwarf;
				ENABLE_STRICT_OBJC_MSGSEND = YES;
				ENABLE_TESTABILITY = YES;
				GCC_C_LANGUAGE_STANDARD = gnu99;
				GCC_DYNAMIC_NO_PIC = NO;
				GCC_NO_COMMON_BLOCKS = YES;
				GCC_OPTIMIZATION_LEVEL = 0;
				GCC_PREPROCESSOR_DEFINITIONS = (
					"DEBUG=1",
					"$(inherited)",
				);
				GCC_WARN_64_TO_32_BIT_CONVERSION = YES;
				GCC_WARN_ABOUT_RETURN_TYPE = YES_ERROR;
				GCC_WARN_UNDECLARED_SELECTOR = YES;
				GCC_WARN_UNINITIALIZED_AUTOS = YES_AGGRESSIVE;
				GCC_WARN_UNUSED_FUNCTION = YES;
				GCC_WARN_UNUSED_VARIABLE = YES;
				IPHONEOS_DEPLOYMENT_TARGET = 9.3;
				MTL_ENABLE_DEBUG_INFO = YES;
				ONLY_ACTIVE_ARCH = YES;
				SDKROOT = iphoneos;
			};
			name = Debug;
		};
		1C4CBD4B1CF404C100D5F62F /* Release */ = {
			isa = XCBuildConfiguration;
			buildSettings = {
				ALWAYS_SEARCH_USER_PATHS = NO;
				CLANG_ANALYZER_NONNULL = YES;
				CLANG_CXX_LANGUAGE_STANDARD = "gnu++0x";
				CLANG_CXX_LIBRARY = "libc++";
				CLANG_ENABLE_MODULES = YES;
				CLANG_ENABLE_OBJC_ARC = YES;
				CLANG_WARN_BOOL_CONVERSION = YES;
				CLANG_WARN_CONSTANT_CONVERSION = YES;
				CLANG_WARN_DIRECT_OBJC_ISA_USAGE = YES_ERROR;
				CLANG_WARN_EMPTY_BODY = YES;
				CLANG_WARN_ENUM_CONVERSION = YES;
				CLANG_WARN_INT_CONVERSION = YES;
				CLANG_WARN_OBJC_ROOT_CLASS = YES_ERROR;
				CLANG_WARN_UNREACHABLE_CODE = YES;
				CLANG_WARN__DUPLICATE_METHOD_MATCH = YES;
				"CODE_SIGN_IDENTITY[sdk=iphoneos*]" = "iPhone Developer";
				COPY_PHASE_STRIP = NO;
				DEBUG_INFORMATION_FORMAT = "dwarf-with-dsym";
				ENABLE_NS_ASSERTIONS = NO;
				ENABLE_STRICT_OBJC_MSGSEND = YES;
				GCC_C_LANGUAGE_STANDARD = gnu99;
				GCC_NO_COMMON_BLOCKS = YES;
				GCC_WARN_64_TO_32_BIT_CONVERSION = YES;
				GCC_WARN_ABOUT_RETURN_TYPE = YES_ERROR;
				GCC_WARN_UNDECLARED_SELECTOR = YES;
				GCC_WARN_UNINITIALIZED_AUTOS = YES_AGGRESSIVE;
				GCC_WARN_UNUSED_FUNCTION = YES;
				GCC_WARN_UNUSED_VARIABLE = YES;
				IPHONEOS_DEPLOYMENT_TARGET = 9.3;
				MTL_ENABLE_DEBUG_INFO = NO;
				SDKROOT = iphoneos;
				VALIDATE_PRODUCT = YES;
			};
			name = Release;
		};
		1C4CBD4D1CF404C100D5F62F /* Debug */ = {
			isa = XCBuildConfiguration;
			baseConfigurationReference = 25C6B5F41D3D96B261F81DAA /* Pods-ios-sdk-demo.debug.xcconfig */;
			buildSettings = {
				ASSETCATALOG_COMPILER_APPICON_NAME = AppIcon;
				ENABLE_BITCODE = NO;
				INFOPLIST_FILE = "ios-sdk-demo/Info.plist";
				LD_RUNPATH_SEARCH_PATHS = "$(inherited) @executable_path/Frameworks";
				LIBRARY_SEARCH_PATHS = (
					"$(inherited)",
					"$(PROJECT_DIR)/ios-sdk-demo/Models/VMFiveAdMobAdapter",
					"$(PROJECT_DIR)/ios-sdk-demo/Models/VMFiveMoPubAdapter",
				);
				PRODUCT_BUNDLE_IDENTIFIER = "tw.daidouji.ios-sdk-demo";
				PRODUCT_NAME = "$(TARGET_NAME)";
			};
			name = Debug;
		};
		1C4CBD4E1CF404C100D5F62F /* Release */ = {
			isa = XCBuildConfiguration;
			baseConfigurationReference = DAB9AAB8B03E179577C67E58 /* Pods-ios-sdk-demo.release.xcconfig */;
			buildSettings = {
				ASSETCATALOG_COMPILER_APPICON_NAME = AppIcon;
				ENABLE_BITCODE = NO;
				INFOPLIST_FILE = "ios-sdk-demo/Info.plist";
				LD_RUNPATH_SEARCH_PATHS = "$(inherited) @executable_path/Frameworks";
				LIBRARY_SEARCH_PATHS = (
					"$(inherited)",
					"$(PROJECT_DIR)/ios-sdk-demo/Models/VMFiveAdMobAdapter",
					"$(PROJECT_DIR)/ios-sdk-demo/Models/VMFiveMoPubAdapter",
				);
				PRODUCT_BUNDLE_IDENTIFIER = "tw.daidouji.ios-sdk-demo";
				PRODUCT_NAME = "$(TARGET_NAME)";
			};
			name = Release;
		};
/* End XCBuildConfiguration section */

/* Begin XCConfigurationList section */
		1C4CBD301CF404C100D5F62F /* Build configuration list for PBXProject "ios-sdk-demo" */ = {
			isa = XCConfigurationList;
			buildConfigurations = (
				1C4CBD4A1CF404C100D5F62F /* Debug */,
				1C4CBD4B1CF404C100D5F62F /* Release */,
			);
			defaultConfigurationIsVisible = 0;
			defaultConfigurationName = Release;
		};
		1C4CBD4C1CF404C100D5F62F /* Build configuration list for PBXNativeTarget "ios-sdk-demo" */ = {
			isa = XCConfigurationList;
			buildConfigurations = (
				1C4CBD4D1CF404C100D5F62F /* Debug */,
				1C4CBD4E1CF404C100D5F62F /* Release */,
			);
			defaultConfigurationIsVisible = 0;
			defaultConfigurationName = Release;
		};
/* End XCConfigurationList section */
	};
	rootObject = 1C4CBD2D1CF404C100D5F62F /* Project object */;
}
